
Microsoft Visual Studio Solution File, Format Version 12.00
# Visual Studio Version 17
VisualStudioVersion = 17.13.35818.85
MinimumVisualStudioVersion = 10.0.40219.1
Project("{FAE04EC0-301F-11D3-BF4B-00C04F79EFBC}") = "PrimeCare.Api", "PrimeCare.Api\PrimeCare.Api.csproj", "{B87F534D-9FC6-46B8-BA16-004D23175FE4}"
EndProject
Project("{FAE04EC0-301F-11D3-BF4B-00C04F79EFBC}") = "PrimeCare.Core", "PrimeCare.Core\PrimeCare.Core.csproj", "{C44E82C0-1CAE-4E55-BF52-96185C39E103}"
EndProject
Project("{FAE04EC0-301F-11D3-BF4B-00C04F79EFBC}") = "PrimeCare.Infrastructure", "PrimeCare.Infrastructure\PrimeCare.Infrastructure.csproj", "{FF5618DA-460C-4F06-AE77-94854530B6D3}"
EndProject
Project("{FAE04EC0-301F-11D3-BF4B-00C04F79EFBC}") = "PrimeCare.Application", "PrimeCare.Application\PrimeCare.Application.csproj", "{F84B8BDA-37DF-4A4A-BC21-A788B6D214DC}"
EndProject
Project("{2150E333-8FDC-42A3-9474-1A3956D46DE8}") = "src", "src", "{02EA681E-C7D8-13C7-8484-4AC65E1B71E8}"
EndProject
Project("{FAE04EC0-301F-11D3-BF4B-00C04F79EFBC}") = "PrimeCare.Shared", "PrimeCare.Shared\PrimeCare.Shared.csproj", "{C85EF690-EE7B-4A91-8BAD-B608208771A8}"
EndProject
Global
	GlobalSection(SolutionConfigurationPlatforms) = preSolution
		Debug|Any CPU = Debug|Any CPU
		Release|Any CPU = Release|Any CPU
	EndGlobalSection
	GlobalSection(ProjectConfigurationPlatforms) = postSolution
		{B87F534D-9FC6-46B8-BA16-004D23175FE4}.Debug|Any CPU.ActiveCfg = Debug|Any CPU
		{B87F534D-9FC6-46B8-BA16-004D23175FE4}.Debug|Any CPU.Build.0 = Debug|Any CPU
		{B87F534D-9FC6-46B8-BA16-004D23175FE4}.Release|Any CPU.ActiveCfg = Release|Any CPU
		{B87F534D-9FC6-46B8-BA16-004D23175FE4}.Release|Any CPU.Build.0 = Release|Any CPU
		{C44E82C0-1CAE-4E55-BF52-96185C39E103}.Debug|Any CPU.ActiveCfg = Debug|Any CPU
		{C44E82C0-1CAE-4E55-BF52-96185C39E103}.Debug|Any CPU.Build.0 = Debug|Any CPU
		{C44E82C0-1CAE-4E55-BF52-96185C39E103}.Release|Any CPU.ActiveCfg = Release|Any CPU
		{C44E82C0-1CAE-4E55-BF52-96185C39E103}.Release|Any CPU.Build.0 = Release|Any CPU
		{FF5618DA-460C-4F06-AE77-94854530B6D3}.Debug|Any CPU.ActiveCfg = Debug|Any CPU
		{FF5618DA-460C-4F06-AE77-94854530B6D3}.Debug|Any CPU.Build.0 = Debug|Any CPU
		{FF5618DA-460C-4F06-AE77-94854530B6D3}.Release|Any CPU.ActiveCfg = Release|Any CPU
		{FF5618DA-460C-4F06-AE77-94854530B6D3}.Release|Any CPU.Build.0 = Release|Any CPU
		{F84B8BDA-37DF-4A4A-BC21-A788B6D214DC}.Debug|Any CPU.ActiveCfg = Debug|Any CPU
		{F84B8BDA-37DF-4A4A-BC21-A788B6D214DC}.Debug|Any CPU.Build.0 = Debug|Any CPU
		{F84B8BDA-37DF-4A4A-BC21-A788B6D214DC}.Release|Any CPU.ActiveCfg = Release|Any CPU
		{F84B8BDA-37DF-4A4A-BC21-A788B6D214DC}.Release|Any CPU.Build.0 = Release|Any CPU
		{C85EF690-EE7B-4A91-8BAD-B608208771A8}.Debug|Any CPU.ActiveCfg = Debug|Any CPU
		{C85EF690-EE7B-4A91-8BAD-B608208771A8}.Debug|Any CPU.Build.0 = Debug|Any CPU
		{C85EF690-EE7B-4A91-8BAD-B608208771A8}.Release|Any CPU.ActiveCfg = Release|Any CPU
		{C85EF690-EE7B-4A91-8BAD-B608208771A8}.Release|Any CPU.Build.0 = Release|Any CPU
	EndGlobalSection
	GlobalSection(SolutionProperties) = preSolution
		HideSolutionNode = FALSE
	EndGlobalSection
	GlobalSection(NestedProjects) = preSolution
		{B87F534D-9FC6-46B8-BA16-004D23175FE4} = {02EA681E-C7D8-13C7-8484-4AC65E1B71E8}
		{C44E82C0-1CAE-4E55-BF52-96185C39E103} = {02EA681E-C7D8-13C7-8484-4AC65E1B71E8}
		{FF5618DA-460C-4F06-AE77-94854530B6D3} = {02EA681E-C7D8-13C7-8484-4AC65E1B71E8}
		{F84B8BDA-37DF-4A4A-BC21-A788B6D214DC} = {02EA681E-C7D8-13C7-8484-4AC65E1B71E8}
		{C85EF690-EE7B-4A91-8BAD-B608208771A8} = {02EA681E-C7D8-13C7-8484-4AC65E1B71E8}
	EndGlobalSection
	GlobalSection(ExtensibilityGlobals) = postSolution
		SolutionGuid = {C502F487-3A99-42D9-842D-9A74721844F6}
	EndGlobalSection
EndGlobal
